
Microsoft Visual Studio Solution File, Format Version 12.00
# Visual Studio 15
VisualStudioVersion = 15.0.28306.52
MinimumVisualStudioVersion = 10.0.40219.1
Project("{FAE04EC0-301F-11D3-BF4B-00C04F79EFBC}") = "Simple_MVVM", "Simple_MVVM.csproj", "{5FBADC0C-9194-416F-83B1-18984F57A040}"
EndProject
Global
	GlobalSection(SolutionConfigurationPlatforms) = preSolution
		Debug|Any CPU = Debug|Any CPU
		Release|Any CPU = Release|Any CPU
	EndGlobalSection
	GlobalSection(ProjectConfigurationPlatforms) = postSolution
		{5FBADC0C-9194-416F-83B1-18984F57A040}.Debug|Any CPU.ActiveCfg = Debug|Any CPU
		{5FBADC0C-9194-416F-83B1-18984F57A040}.Debug|Any CPU.Build.0 = Debug|Any CPU
		{5FBADC0C-9194-416F-83B1-18984F57A040}.Release|Any CPU.ActiveCfg = Release|Any CPU
		{5FBADC0C-9194-416F-83B1-18984F57A040}.Release|Any CPU.Build.0 = Release|Any CPU
	EndGlobalSection
	GlobalSection(SolutionProperties) = preSolution
		HideSolutionNode = FALSE
	EndGlobalSection
	GlobalSection(ExtensibilityGlobals) = postSolution
		SolutionGuid = {CCCB3AC8-DE72-4A3D-A60D-A974C6EBE7A4}
	EndGlobalSection
EndGlobal
